{
  "name": "@mohammad154/opencode-nexus",
  "version": "4.3.7",
  "lockfileVersion": 3,
  "requires": true,
  "packages": {
    "": {
      "name": "@mohammad154/opencode-nexus",
      "version": "4.3.7",
      "hasInstallScript": true,
      "license": "MIT",
      "bin": {
        "nexus": "bin/nexus.js",
        "opencode-nexus": "bin/nexus.js"
      },
      "engines": {
        "node": ">=20"
      }
    }
  }
}
